
Microsoft Visual Studio Solution File, Format Version 12.00
# Visual Studio 15
VisualStudioVersion = 15.0.27130.2020
MinimumVisualStudioVersion = 10.0.40219.1
Project("{8BC9CEB8-8B4A-11D0-8D11-00A0C91BC942}") = "Project7", "Project7\Project7.vcxproj", "{B1902CDC-D783-4CBF-AF0B-8541BA45AF4D}"
EndProject
Global
	GlobalSection(SolutionConfigurationPlatforms) = preSolution
		Debug|x64 = Debug|x64
		Debug|x86 = Debug|x86
		Release|x64 = Release|x64
		Release|x86 = Release|x86
	EndGlobalSection
	GlobalSection(ProjectConfigurationPlatforms) = postSolution
		{B1902CDC-D783-4CBF-AF0B-8541BA45AF4D}.Debug|x64.ActiveCfg = Debug|x64
		{B1902CDC-D783-4CBF-AF0B-8541BA45AF4D}.Debug|x64.Build.0 = Debug|x64
		{B1902CDC-D783-4CBF-AF0B-8541BA45AF4D}.Debug|x86.ActiveCfg = Debug|Win32
		{B1902CDC-D783-4CBF-AF0B-8541BA45AF4D}.Debug|x86.Build.0 = Debug|Win32
		{B1902CDC-D783-4CBF-AF0B-8541BA45AF4D}.Release|x64.ActiveCfg = Release|x64
		{B1902CDC-D783-4CBF-AF0B-8541BA45AF4D}.Release|x64.Build.0 = Release|x64
		{B1902CDC-D783-4CBF-AF0B-8541BA45AF4D}.Release|x86.ActiveCfg = Release|Win32
		{B1902CDC-D783-4CBF-AF0B-8541BA45AF4D}.Release|x86.Build.0 = Release|Win32
	EndGlobalSection
	GlobalSection(SolutionProperties) = preSolution
		HideSolutionNode = FALSE
	EndGlobalSection
	GlobalSection(ExtensibilityGlobals) = postSolution
		SolutionGuid = {F0DEDCE2-AA18-4A4B-956D-F47025238EC1}
	EndGlobalSection
EndGlobal
